
Microsoft Visual Studio Solution File, Format Version 12.00
# Visual Studio 15
VisualStudioVersion = 15.0.28307.421
MinimumVisualStudioVersion = 10.0.40219.1
Project("{FAE04EC0-301F-11D3-BF4B-00C04F79EFBC}") = "MT.FaultExceptionInfo.Tests", "MT.FaultExceptionInfo.Tests\MT.FaultExceptionInfo.Tests.csproj", "{821FAC76-DD31-4188-9094-2AE7CF0E0A33}"
EndProject
Global
	GlobalSection(SolutionConfigurationPlatforms) = preSolution
		Debug|Any CPU = Debug|Any CPU
		Release|Any CPU = Release|Any CPU
	EndGlobalSection
	GlobalSection(ProjectConfigurationPlatforms) = postSolution
		{821FAC76-DD31-4188-9094-2AE7CF0E0A33}.Debug|Any CPU.ActiveCfg = Debug|Any CPU
		{821FAC76-DD31-4188-9094-2AE7CF0E0A33}.Debug|Any CPU.Build.0 = Debug|Any CPU
		{821FAC76-DD31-4188-9094-2AE7CF0E0A33}.Release|Any CPU.ActiveCfg = Release|Any CPU
		{821FAC76-DD31-4188-9094-2AE7CF0E0A33}.Release|Any CPU.Build.0 = Release|Any CPU
	EndGlobalSection
	GlobalSection(SolutionProperties) = preSolution
		HideSolutionNode = FALSE
	EndGlobalSection
	GlobalSection(ExtensibilityGlobals) = postSolution
		SolutionGuid = {A84E0F10-73CD-4BBE-AC2E-DBCBEFEC8796}
	EndGlobalSection
EndGlobal
